# THIS IS AN AUTOGENERATED FILE. DO NOT EDIT THIS FILE DIRECTLY.
# yarn lockfile v1


"@rafal.szemraj/pixelmatch@5.3.0":
  version "5.3.0"
  resolved "https://artifacts.sys.dom:443/artifactory/api/npm/npm/@rafal.szemraj/pixelmatch/-/pixelmatch-5.3.0.tgz#7a7d29e2249050f328bce230135138912a61cbce"
  integrity sha512-NN7hPydfVYjTIeN6HQWmEj1umbyhEBUDSr0PNUT20q4ETD7IAwKCt9vXw8plj4929Sde05zmO5FwT+Y1Qw+gKA==
  dependencies:
    pngjs "^6.0.0"

"@types/glob@^7.2.0":
  version "7.2.0"
  resolved "https://artifacts.sys.dom:443/artifactory/api/npm/npm/@types/glob/-/glob-7.2.0.tgz"
  integrity sha512-ZUxbzKl0IfJILTS6t7ip5fQQM/J3TJYubDm3nMbgubNNYS62eXeUpoLUC8/7fJNiFYHTrGPQn7hspDUzIHX3UA==
  dependencies:
    "@types/minimatch" "*"
    "@types/node" "*"

"@types/minimatch@*":
  version "5.1.2"
  resolved "https://artifacts.sys.dom:443/artifactory/api/npm/npm/@types/minimatch/-/minimatch-5.1.2.tgz"
  integrity sha512-K0VQKziLUWkVKiRVrx4a40iPaxTUefQmjtkQofBkYRcoaaL/8rhwDWww9qWbrgicNOgnpIsMxyNIUM4+n6dUIA==

"@types/node@*":
  version "18.11.9"
  resolved "https://artifacts.sys.dom:443/artifactory/api/npm/npm/@types/node/-/node-18.11.9.tgz"
  integrity sha512-CRpX21/kGdzjOpFsZSkcrXMGIBWMGNIHXXBVFSH+ggkftxg+XYP20TESbh+zFvFj3EQOl5byk0HTRn1IL6hbqg==

balanced-match@^1.0.0:
  version "1.0.2"
  resolved "https://artifacts.sys.dom:443/artifactory/api/npm/npm/balanced-match/-/balanced-match-1.0.2.tgz"
  integrity sha512-3oSeUO0TMV67hN1AmbXsK4yaqU7tjiHlbxRDZOpH0KW9+CeX4bRAaX0Anxt0tx2MrpRpWwQaPwIlISEJhYU5Pw==

brace-expansion@^2.0.1:
  version "2.0.1"
  resolved "https://artifacts.sys.dom:443/artifactory/api/npm/npm/brace-expansion/-/brace-expansion-2.0.1.tgz"
  integrity sha512-XnAIvQ8eM+kC6aULx6wuQiwVsnzsi9d3WxzV3FpWTGA19F621kwdbsAcFKXgKUHZWsy+mY6iL1sHTxWEFCytDA==
  dependencies:
    balanced-match "^1.0.0"

fs-extra@10.1.0:
  version "10.1.0"
  resolved "https://artifacts.sys.dom:443/artifactory/api/npm/npm/fs-extra/-/fs-extra-10.1.0.tgz"
  integrity sha512-oRXApq54ETRj4eMiFzGnHWGy+zo5raudjuxN0b8H7s/RU2oW0Wvsx9O0ACRN/kRq9E8Vu/ReskGB5o3ji+FzHQ==
  dependencies:
    graceful-fs "^4.2.0"
    jsonfile "^6.0.1"
    universalify "^2.0.0"

fs.realpath@^1.0.0:
  version "1.0.0"
  resolved "https://artifacts.sys.dom:443/artifactory/api/npm/npm/fs.realpath/-/fs.realpath-1.0.0.tgz"
  integrity sha512-OO0pH2lK6a0hZnAdau5ItzHPI6pUlvI7jMVnxUQRtw4owF2wk8lOSabtGDCTP4Ggrg2MbGnWO9X8K1t4+fGMDw==

glob-promise@5.0.0:
  version "5.0.0"
  resolved "https://artifacts.sys.dom:443/artifactory/api/npm/npm/glob-promise/-/glob-promise-5.0.0.tgz"
  integrity sha512-YQ7+beqmmQ3yUzybHoxnj7XMImztIdusIFate36/aB1gEWugR1qZI9a2u1A5mt6gYRqYldipZ7NB9s1UEq3vzw==
  dependencies:
    "@types/glob" "^7.2.0"

glob@8.0.3:
  version "8.0.3"
  resolved "https://artifacts.sys.dom:443/artifactory/api/npm/npm/glob/-/glob-8.0.3.tgz"
  integrity sha512-ull455NHSHI/Y1FqGaaYFaLGkNMMJbavMrEGFXG/PGrg6y7sutWHUHrz6gy6WEBH6akM1M414dWKCNs+IhKdiQ==
  dependencies:
    fs.realpath "^1.0.0"
    inflight "^1.0.4"
    inherits "2"
    minimatch "^5.0.1"
    once "^1.3.0"

graceful-fs@^4.1.6, graceful-fs@^4.2.0:
  version "4.2.10"
  resolved "https://artifacts.sys.dom:443/artifactory/api/npm/npm/graceful-fs/-/graceful-fs-4.2.10.tgz"
  integrity sha512-9ByhssR2fPVsNZj478qUUbKfmL0+t5BDVyjShtyZZLiK7ZDAArFFfopyOTj0M05wE2tJPisA4iTnnXl2YoPvOA==

inflight@^1.0.4:
  version "1.0.6"
  resolved "https://artifacts.sys.dom:443/artifactory/api/npm/npm/inflight/-/inflight-1.0.6.tgz"
  integrity sha512-k92I/b08q4wvFscXCLvqfsHCrjrF7yiXsQuIVvVE7N82W3+aqpzuUdBbfhWcy/FZR3/4IgflMgKLOsvPDrGCJA==
  dependencies:
    once "^1.3.0"
    wrappy "1"

inherits@2:
  version "2.0.4"
  resolved "https://artifacts.sys.dom:443/artifactory/api/npm/npm/inherits/-/inherits-2.0.4.tgz"
  integrity sha512-k/vGaX4/Yla3WzyMCvTQOXYeIHvqOKtnqBduzTHpzpQZzAskKMhZ2K+EnBiSM9zGSoIFeMpXKxa4dYeZIQqewQ==

jsonfile@^6.0.1:
  version "6.1.0"
  resolved "https://artifacts.sys.dom:443/artifactory/api/npm/npm/jsonfile/-/jsonfile-6.1.0.tgz"
  integrity sha512-5dgndWOriYSm5cnYaJNhalLNDKOqFwyDB/rr1E9ZsGciGvKPs8R2xYGCacuf3z6K1YKDz182fd+fY3cn3pMqXQ==
  dependencies:
    universalify "^2.0.0"
  optionalDependencies:
    graceful-fs "^4.1.6"

minimatch@^5.0.1:
  version "5.1.0"
  resolved "https://artifacts.sys.dom:443/artifactory/api/npm/npm/minimatch/-/minimatch-5.1.0.tgz"
  integrity sha512-9TPBGGak4nHfGZsPBohm9AWg6NoT7QTCehS3BIJABslyZbzxfV78QM2Y6+i741OPZIafFAaiiEMh5OyIrJPgtg==
  dependencies:
    brace-expansion "^2.0.1"

odiff-bin@2.5.0:
  version "2.5.0"
  resolved "https://artifacts.sys.dom:443/artifactory/api/npm/npm/odiff-bin/-/odiff-bin-2.5.0.tgz#b8b551e5a3b48d2b7fe1e8042650fe82c50d7f79"
  integrity sha512-wquvVqZltr0w3IFWTjiWloNjlIDaMq0aWoWLStV9GHWRjio1Pznh1UkWkVWp8UukT/TiHoFKrRC47viZVOnmsA==

once@^1.3.0:
  version "1.4.0"
  resolved "https://artifacts.sys.dom:443/artifactory/api/npm/npm/once/-/once-1.4.0.tgz"
  integrity sha512-lNaJgI+2Q5URQBkccEKHTQOPaXdUxnZZElQTZY0MFUAuaEqe1E+Nyvgdz/aIyNi6Z9MzO5dv1H8n58/GELp3+w==
  dependencies:
    wrappy "1"

pngjs@^6.0.0:
  version "6.0.0"
  resolved "https://artifacts.sys.dom:443/artifactory/api/npm/npm/pngjs/-/pngjs-6.0.0.tgz"
  integrity sha512-TRzzuFRRmEoSW/p1KVAmiOgPco2Irlah+bGFCeNfJXxxYGwSw7YwAOAcd7X28K/m5bjBWKsC29KyoMfHbypayg==

universalify@^2.0.0:
  version "2.0.0"
  resolved "https://artifacts.sys.dom:443/artifactory/api/npm/npm/universalify/-/universalify-2.0.0.tgz"
  integrity sha512-hAZsKq7Yy11Zu1DE0OzWjw7nnLZmJZYTDZZyEFHZdUhV8FkH5MCfoU1XMaxXovpyW5nq5scPqq0ZDP9Zyl04oQ==

wrappy@1:
  version "1.0.2"
  resolved "https://artifacts.sys.dom:443/artifactory/api/npm/npm/wrappy/-/wrappy-1.0.2.tgz"
  integrity sha512-l4Sp/DRseor9wL6EvV2+TuQn63dMkPjZ/sp9XkghTEbV9KlPS1xUsZ3u7/IQO4wxtcFB4bgpQPRcR3QCvezPcQ==
